
Microsoft Visual Studio Solution File, Format Version 12.00
# Visual Studio 15
VisualStudioVersion = 15.0.27428.2005
MinimumVisualStudioVersion = 10.0.40219.1
Project("{9A19103F-16F7-4668-BE54-9A1E7A4F7556}") = "AspNetCoreTodo", "AspNetCoreTodo.csproj", "{DDC748ED-03BF-4E90-8955-E819BA7D18C5}"
EndProject
Global
	GlobalSection(SolutionConfigurationPlatforms) = preSolution
		Debug|Any CPU = Debug|Any CPU
		Release|Any CPU = Release|Any CPU
	EndGlobalSection
	GlobalSection(ProjectConfigurationPlatforms) = postSolution
		{DDC748ED-03BF-4E90-8955-E819BA7D18C5}.Debug|Any CPU.ActiveCfg = Debug|Any CPU
		{DDC748ED-03BF-4E90-8955-E819BA7D18C5}.Debug|Any CPU.Build.0 = Debug|Any CPU
		{DDC748ED-03BF-4E90-8955-E819BA7D18C5}.Release|Any CPU.ActiveCfg = Release|Any CPU
		{DDC748ED-03BF-4E90-8955-E819BA7D18C5}.Release|Any CPU.Build.0 = Release|Any CPU
	EndGlobalSection
	GlobalSection(SolutionProperties) = preSolution
		HideSolutionNode = FALSE
	EndGlobalSection
	GlobalSection(ExtensibilityGlobals) = postSolution
		SolutionGuid = {9A2DFD4C-57D3-4A54-ADB8-CBCA7568DFC4}
	EndGlobalSection
EndGlobal
